
Microsoft Visual Studio Solution File, Format Version 12.00
# Visual Studio Version 17
VisualStudioVersion = 17.2.32630.192
MinimumVisualStudioVersion = 10.0.40219.1
Project("{9A19103F-16F7-4668-BE54-9A1E7A4F7556}") = "OnlineShopWebApp", "OnlineShopWebApp\OnlineShopWebApp.csproj", "{66AD81C1-EAC6-4414-907C-83857F824363}"
EndProject

Project("{2150E333-8FDC-42A3-9474-1A3956D46DE8}") = "Solution Items", "Solution Items", "{82E4398F-DC78-4CAB-9DBD-DA33AC034A34}"
	ProjectSection(SolutionItems) = preProject
		Sql Scripts.txt = Sql Scripts.txt
	EndProjectSection

Project("{FAE04EC0-301F-11D3-BF4B-00C04F79EFBC}") = "OnlineShopWebAppTests", "OnlineShopWebAppTests\OnlineShopWebAppTests.csproj", "{47D7B4EA-7DB9-4B9E-8FDB-7D942E8EF7C7}"

EndProject
Global
	GlobalSection(SolutionConfigurationPlatforms) = preSolution
		Debug|Any CPU = Debug|Any CPU
		Release|Any CPU = Release|Any CPU
	EndGlobalSection
	GlobalSection(ProjectConfigurationPlatforms) = postSolution
		{66AD81C1-EAC6-4414-907C-83857F824363}.Debug|Any CPU.ActiveCfg = Debug|Any CPU
		{66AD81C1-EAC6-4414-907C-83857F824363}.Debug|Any CPU.Build.0 = Debug|Any CPU
		{66AD81C1-EAC6-4414-907C-83857F824363}.Release|Any CPU.ActiveCfg = Release|Any CPU
		{66AD81C1-EAC6-4414-907C-83857F824363}.Release|Any CPU.Build.0 = Release|Any CPU
		{47D7B4EA-7DB9-4B9E-8FDB-7D942E8EF7C7}.Debug|Any CPU.ActiveCfg = Debug|Any CPU
		{47D7B4EA-7DB9-4B9E-8FDB-7D942E8EF7C7}.Debug|Any CPU.Build.0 = Debug|Any CPU
		{47D7B4EA-7DB9-4B9E-8FDB-7D942E8EF7C7}.Release|Any CPU.ActiveCfg = Release|Any CPU
		{47D7B4EA-7DB9-4B9E-8FDB-7D942E8EF7C7}.Release|Any CPU.Build.0 = Release|Any CPU
	EndGlobalSection
	GlobalSection(SolutionProperties) = preSolution
		HideSolutionNode = FALSE
	EndGlobalSection
	GlobalSection(ExtensibilityGlobals) = postSolution
		SolutionGuid = {C87ABA1D-3BEB-4FAD-8584-8EADFAAFFDFB}
	EndGlobalSection
EndGlobal
